{
    "_readme": [
        "This file locks the dependencies of your project to a known state",
        "Read more about it at https://getcomposer.org/doc/01-basic-usage.md#installing-dependencies",
        "This file is @generated automatically"
    ],
    "content-hash": "3ef72ade2c165b76d37b0b0e1d030b82",
    "packages": [
        {
            "name": "clevercanyon/php-chalk",
            "version": "dev-main",
            "source": {
                "type": "git",
                "url": "https://github.com/clevercanyon/php-chalk.git",
                "reference": "30a4f16aa0dbedb1c933d87ee2582ac9422335e2"
            },
            "dist": {
                "type": "zip",
                "url": "https://api.github.com/repos/clevercanyon/php-chalk/zipball/30a4f16aa0dbedb1c933d87ee2582ac9422335e2",
                "reference": "30a4f16aa0dbedb1c933d87ee2582ac9422335e2",
                "shasum": ""
            },
            "require": {
                "php-64bit": "^7.4 || ^8.0 || ^8.1"
            },
            "default-branch": true,
            "type": "library",
            "autoload": {
                "psr-4": {
                    "Clever_Canyon\\Chalk\\": "./src/classes"
                }
            },
            "notification-url": "https://packagist.org/downloads/",
            "license": [
                "MIT"
            ],
            "authors": [
                {
                    "name": "Martin Pettersson",
                    "email": "martin_pettersson@outlook.com",
                    "homepage": "http://martindotcom.se",
                    "role": "Developer"
                },
                {
                    "name": "CLEVER CANYON",
                    "homepage": "https://clevercanyon.com",
                    "role": "organization"
                }
            ],
            "description": "A tool to style terminal output using PHP.",
            "support": {
                "issues": "https://github.com/clevercanyon/php-chalk/issues",
                "source": "https://github.com/clevercanyon/php-chalk/tree/main"
            },
            "time": "2022-01-05T12:35:37+00:00"
        },
        {
            "name": "clevercanyon/php-js-utilities",
            "version": "dev-main",
            "source": {
                "type": "git",
                "url": "https://github.com/clevercanyon/php-js-utilities.git",
                "reference": "213d43d7a371d0040a77cfe8546b480206e36b55"
            },
            "dist": {
                "type": "zip",
                "url": "https://api.github.com/repos/clevercanyon/php-js-utilities/zipball/213d43d7a371d0040a77cfe8546b480206e36b55",
                "reference": "213d43d7a371d0040a77cfe8546b480206e36b55",
                "shasum": ""
            },
            "require": {
                "clevercanyon/php-chalk": "dev-main",
                "ext-json": "*",
                "ext-mbstring": "*",
                "php-64bit": "^7.4 || ^8.0 || ^8.1",
                "ulrichsg/getopt-php": "^4.0"
            },
            "require-dev": {
                "clevercanyon/php-js-utilities-dev": "dev-main"
            },
            "suggest": {
                "ext-zip": "*"
            },
            "default-branch": true,
            "type": "library",
            "extra": {
                "clevercanyon": {
                    "&": {
                        "brand": {
                            "data": {
                                "slug": "clevercanyon"
                            },
                            "aws": {
                                "s3": {
                                    "bucket": "clevercanyon",
                                    "cdn_domain": "cdn.clevercanyon.com"
                                }
                            }
                        },
                        "scoper": {
                            "cfg": {
                                "exclude-constants": [],
                                "exclude-classes": [],
                                "exclude-functions": []
                            }
                        },
                        "post_update_cmd_handler": {
                            "symlink_local_packages": {
                                "vendor": [
                                    "clevercanyon/php-chalk",
                                    "clevercanyon/php-js-standards",
                                    "clevercanyon/php-js-utilities",
                                    "clevercanyon/php-js-utilities-dev",
                                    "clevercanyon/php-js-utilities-dev-npm"
                                ],
                                "node_modules": [
                                    "@clevercanyon/php-js-utilities-dev-npm"
                                ]
                            }
                        }
                    }
                }
            },
            "autoload": {
                "psr-4": {
                    "Clever_Canyon\\Utilities\\": "./src/classes"
                }
            },
            "notification-url": "https://packagist.org/downloads/",
            "license": [
                "GPL-2.0-or-later"
            ],
            "authors": [
                {
                    "name": "CLEVER CANYON",
                    "homepage": "https://clevercanyon.com",
                    "role": "organization"
                }
            ],
            "description": "CLEVER CANYON’s utilities for PHP/JS applications.",
            "support": {
                "issues": "https://github.com/clevercanyon/php-js-utilities/issues",
                "source": "https://github.com/clevercanyon/php-js-utilities/tree/main"
            },
            "time": "2022-01-06T01:52:30+00:00"
        },
        {
            "name": "clevercanyon/wpgroove-framework",
            "version": "dev-main",
            "source": {
                "type": "git",
                "url": "https://github.com/clevercanyon/wpgroove-framework.git",
                "reference": "ae5b6e8ee1164c0afc6e79d841dd2b0336eae159"
            },
            "dist": {
                "type": "zip",
                "url": "https://api.github.com/repos/clevercanyon/wpgroove-framework/zipball/ae5b6e8ee1164c0afc6e79d841dd2b0336eae159",
                "reference": "ae5b6e8ee1164c0afc6e79d841dd2b0336eae159",
                "shasum": ""
            },
            "require": {
                "clevercanyon/php-js-utilities": "dev-main"
            },
            "require-dev": {
                "clevercanyon/wpgroove-framework-dev": "dev-main"
            },
            "default-branch": true,
            "type": "library",
            "extra": {
                "clevercanyon": {
                    "$extends-packages": [
                        "clevercanyon/php-js-utilities"
                    ],
                    "&": {
                        "brand": {
                            "data": {
                                "slug": "wpgroove"
                            },
                            "aws": {
                                "s3": {
                                    "bucket": "wpgroove",
                                    "cdn_domain": "cdn.wpgroove.com"
                                }
                            }
                        },
                        "scoper": {
                            "cfg": {
                                "exclude-constants": [],
                                "exclude-classes": [],
                                "exclude-functions": []
                            }
                        },
                        "post_update_cmd_handler": {
                            "symlink_local_packages": {
                                "$concat": {
                                    "vendor": [
                                        "clevercanyon/wpgroove-framework",
                                        "clevercanyon/wpgroove-framework-dev"
                                    ]
                                }
                            }
                        }
                    }
                }
            },
            "autoload": {
                "psr-4": {
                    "WP_Groove\\Framework\\": "./src/classes"
                }
            },
            "notification-url": "https://packagist.org/downloads/",
            "license": [
                "GPL-2.0-or-later"
            ],
            "authors": [
                {
                    "name": "WP Groove",
                    "homepage": "https://wpgroove.com",
                    "role": "organization"
                }
            ],
            "description": "WP Groove’s framework for WordPress.",
            "support": {
                "issues": "https://github.com/clevercanyon/wpgroove-framework/issues",
                "source": "https://github.com/clevercanyon/wpgroove-framework/tree/main"
            },
            "time": "2022-01-06T01:53:06+00:00"
        },
        {
            "name": "ulrichsg/getopt-php",
            "version": "v4.0.1",
            "source": {
                "type": "git",
                "url": "https://github.com/getopt-php/getopt-php.git",
                "reference": "ad9e8cdf1b709caf84ca545ff90bcc7298f0fa5a"
            },
            "dist": {
                "type": "zip",
                "url": "https://api.github.com/repos/getopt-php/getopt-php/zipball/ad9e8cdf1b709caf84ca545ff90bcc7298f0fa5a",
                "reference": "ad9e8cdf1b709caf84ca545ff90bcc7298f0fa5a",
                "shasum": ""
            },
            "require": {
                "ext-mbstring": "*",
                "php": ">=7.1.0"
            },
            "require-dev": {
                "phpunit/phpunit": "^7.5.20",
                "squizlabs/php_codesniffer": "^3.5.8"
            },
            "type": "library",
            "autoload": {
                "psr-4": {
                    "GetOpt\\": "src"
                }
            },
            "notification-url": "https://packagist.org/downloads/",
            "license": [
                "MIT"
            ],
            "authors": [
                {
                    "name": "Ulrich Schmidt-Goertz",
                    "email": "ulrich@schmidt-goertz.de"
                },
                {
                    "name": "Thomas Flori",
                    "email": "thflori@gmail.com"
                }
            ],
            "description": "Command line arguments parser for PHP 7.1 and above",
            "homepage": "http://getopt-php.github.io/getopt-php",
            "support": {
                "issues": "https://github.com/getopt-php/getopt-php/issues",
                "source": "https://github.com/getopt-php/getopt-php/tree/v4.0.1"
            },
            "time": "2022-01-04T11:01:04+00:00"
        }
    ],
    "packages-dev": [],
    "aliases": [],
    "minimum-stability": "dev",
    "stability-flags": {
        "clevercanyon/wpgroove-framework": 20
    },
    "prefer-stable": true,
    "prefer-lowest": false,
    "platform": [],
    "platform-dev": [],
    "platform-overrides": {
        "php-64bit": "7.4.0"
    },
    "plugin-api-version": "2.2.0"
}
